
Microsoft Visual Studio Solution File, Format Version 12.00
# Visual Studio Version 17
VisualStudioVersion = 17.5.002.0
MinimumVisualStudioVersion = 10.0.40219.1
Project("{9A19103F-16F7-4668-BE54-9A1E7A4F7556}") = "ParkingApp", "ParkingApp.csproj", "{7D966367-D571-4344-87F1-46AABF362E6F}"
EndProject
Global
	GlobalSection(SolutionConfigurationPlatforms) = preSolution
		Debug|Any CPU = Debug|Any CPU
		Release|Any CPU = Release|Any CPU
	EndGlobalSection
	GlobalSection(ProjectConfigurationPlatforms) = postSolution
		{7D966367-D571-4344-87F1-46AABF362E6F}.Debug|Any CPU.ActiveCfg = Debug|Any CPU
		{7D966367-D571-4344-87F1-46AABF362E6F}.Debug|Any CPU.Build.0 = Debug|Any CPU
		{7D966367-D571-4344-87F1-46AABF362E6F}.Release|Any CPU.ActiveCfg = Release|Any CPU
		{7D966367-D571-4344-87F1-46AABF362E6F}.Release|Any CPU.Build.0 = Release|Any CPU
	EndGlobalSection
	GlobalSection(SolutionProperties) = preSolution
		HideSolutionNode = FALSE
	EndGlobalSection
	GlobalSection(ExtensibilityGlobals) = postSolution
		SolutionGuid = {4A767AD4-4294-408F-BBBC-366E63BAC31B}
	EndGlobalSection
EndGlobal
